# This file is automatically @generated by Poetry 2.2.1 and should not be changed by hand.

[[package]]
name = "asgiref"
version = "3.11.1"
description = "ASGI specs, helper code, and adapters"
optional = false
python-versions = ">=3.9"
groups = ["main"]
files = [
    {file = "asgiref-3.11.1-py3-none-any.whl", hash = "sha256:e8667a091e69529631969fd45dc268fa79b99c92c5fcdda727757e52146ec133"},
    {file = "asgiref-3.11.1.tar.gz", hash = "sha256:5f184dc43b7e763efe848065441eac62229c9f7b0475f41f80e207a114eda4ce"},
]

[package.dependencies]
typing_extensions = {version = ">=4", markers = "python_version < \"3.11\""}

[package.extras]
tests = ["mypy (>=1.14.0)", "pytest", "pytest-asyncio"]

[[package]]
name = "biopython"
version = "1.86"
description = "Freely available tools for computational molecular biology."
optional = false
python-versions = ">=3.10"
groups = ["main"]
files = [
    {file = "biopython-1.86-cp310-cp310-macosx_10_9_x86_64.whl", hash = "sha256:02aef2e31cc92544f574ff837cabaaaf53733f3a6b5a433f781c59e5424a7576"},
    {file = "biopython-1.86-cp310-cp310-macosx_11_0_arm64.whl", hash = "sha256:8e1b12819a78242b529f54e5d2d00ad90023710a5846ca0f2011ac989fd17d4b"},
    {file = "biopython-1.86-cp310-cp310-manylinux2014_aarch64.manylinux_2_17_aarch64.manylinux_2_28_aarch64.whl", hash = "sha256:2e62504faac6e62fe26e40d6905a69519d8b7b5b0506a426d641b218fde788b5"},
    {file = "biopython-1.86-cp310-cp310-manylinux2014_x86_64.manylinux_2_17_x86_64.manylinux_2_28_x86_64.whl", hash = "sha256:8d4530060aadc6af060a9a049da91a582738837e187fcea80486c71eca74ae59"},
    {file = "biopython-1.86-cp310-cp310-manylinux_2_17_aarch64.manylinux2014_aarch64.whl", hash = "sha256:186e2065c0d1a6c2afc85b9c21a2911a931949668bd73b4c03f429a31b3589f8"},
    {file = "biopython-1.86-cp310-cp310-manylinux_2_17_x86_64.manylinux2014_x86_64.whl", hash = "sha256:6915a09859159598b9421e7240561692e7bb4084e5340c4dbb2435c5c38805a2"},
    {file = "biopython-1.86-cp310-cp310-win32.whl", hash = "sha256:be3d83152fe3232e2d197896a506902b84ad60d40b3f1d1fc934914d138c6dc1"},
    {file = "biopython-1.86-cp310-cp310-win_amd64.whl", hash = "sha256:6fbbfe19e12170754adb9632155b7e3be0d4c247f0a2e09d3917bec859282de1"},
    {file = "biopython-1.86-cp311-cp311-macosx_10_9_x86_64.whl", hash = "sha256:ba88b0754ad53c93eba11d910364cfc773686933c89a886522309ba903151e50"},
    {file = "biopython-1.86-cp311-cp311-macosx_11_0_arm64.whl", hash = "sha256:6cceb32b9036bbdc59962e31bd1605ece24edc226c0d50f99839948b5b5c9dda"},
    {file = "biopython-1.86-cp311-cp311-manylinux2014_aarch64.manylinux_2_17_aarch64.manylinux_2_28_aarch64.whl", hash = "sha256:f0f040ff85bd7d0ee06574bc6d032bc666802f2fe781b0c316b936237eb3d17e"},
    {file = "biopython-1.86-cp311-cp311-manylinux2014_x86_64.manylinux_2_17_x86_64.manylinux_2_28_x86_64.whl", hash = "sha256:6ac858fd71f1093380d8b0a16acf060e7c228ad65f9ecacdb9f5760cfb9f59b1"},
    {file = "biopython-1.86-cp311-cp311-manylinux_2_17_aarch64.manylinux2014_aarch64.whl", hash = "sha256:da4bcf5a48ee647624e2d0bedac7fb1c24ef0facd514519cca074593b8a6a40e"},
    {file = "biopython-1.86-cp311-cp311-manylinux_2_17_x86_64.manylinux2014_x86_64.whl", hash = "sha256:1d4dd9090caaf364a08ab54cd561f37c5f4ea5bcc8f0189d332dcd36d6df5767"},
    {file = "biopython-1.86-cp311-cp311-win32.whl", hash = "sha256:90591f4554c09d311193e7774b5143442c67e178a5b7d929aaa2a054048b22a7"},
    {file = "biopython-1.86-cp311-cp311-win_amd64.whl", hash = "sha256:0a95321ca929c04c934e62252c9e2cc5c4fd13ce575798d98af2d79512334b9b"},
    {file = "biopython-1.86-cp312-cp312-macosx_10_13_x86_64.whl", hash = "sha256:f8d372aae21d79b11613751c6ae23c88db0e94d25b7567b1f67aa0304fb61667"},
    {file = "biopython-1.86-cp312-cp312-macosx_10_9_x86_64.whl", hash = "sha256:baf19d9237aaaa387a68f8f055f978af5c80338d7e037ab028e8d768928f1250"},
    {file = "biopython-1.86-cp312-cp312-macosx_11_0_arm64.whl", hash = "sha256:04f9abdf6cbf0087850de5f8148da0d420c4cb87905bf4de3145ad24a8d55dcd"},
    {file = "biopython-1.86-cp312-cp312-manylinux2014_aarch64.manylinux_2_17_aarch64.manylinux_2_28_aarch64.whl", hash = "sha256:187c3c24dd2255e7328f3e0523ab5d6350b73ff562517de0c1922385617101d2"},
    {file = "biopython-1.86-cp312-cp312-manylinux2014_x86_64.manylinux_2_17_x86_64.manylinux_2_28_x86_64.whl", hash = "sha256:1859830b8262785c6b59dfe0c82cddb643974f63b9d2779bb9f3e2c47c0a95da"},
    {file = "biopython-1.86-cp312-cp312-manylinux_2_17_aarch64.manylinux2014_aarch64.whl", hash = "sha256:dfd906c47b6fb38e3abb9f52e0c06822e6e82a043d38c2000773692c29db1ed8"},
    {file = "biopython-1.86-cp312-cp312-manylinux_2_17_x86_64.manylinux2014_x86_64.whl", hash = "sha256:4a6ab2c60742f1c8494cfbbe3b7a8b45f0400c8f2b36b686b895d5e4d625f04e"},
    {file = "biopython-1.86-cp312-cp312-win32.whl", hash = "sha256:192c61bc3d782c171b7d50bb7d8189d84790d6e3c4b24fd41d1d7ffc7d303efe"},
    {file = "biopython-1.86-cp312-cp312-win_amd64.whl", hash = "sha256:35a6b9c5dcdfb5c2631a313a007f3f41a7d72573ba2b68c962e10ea92096ff3b"},
    {file = "biopython-1.86-cp313-cp313-macosx_10_13_x86_64.whl", hash = "sha256:fb3a11a98e49428720dca227e2a5bdd57c973ee7c4df3cf6734c0aa13fd134c7"},
    {file = "biopython-1.86-cp313-cp313-macosx_11_0_arm64.whl", hash = "sha256:e161f3d3b6e65fbfd1ce22a01c3e9fa9da789adde4972fd0cc2370795ea5357b"},
    {file = "biopython-1.86-cp313-cp313-manylinux2014_aarch64.manylinux_2_17_aarch64.manylinux_2_28_aarch64.whl", hash = "sha256:5aa8c9e92ee6fe59dfe0d2c2daf9a9eec6b812c78328caad038f79163c500218"},
    {file = "biopython-1.86-cp313-cp313-manylinux2014_x86_64.manylinux_2_17_x86_64.manylinux_2_28_x86_64.whl", hash = "sha256:593ec6a2a4fedec08ddcee1a8a0e0b0ed56835b2714904b352ec4a93d5b9d973"},
    {file = "biopython-1.86-cp313-cp313-manylinux_2_17_aarch64.manylinux2014_aarch64.whl", hash = "sha256:dd2f9ebf9b14d67ca92f48779c4f0ba404c35dba3e8b9d6c34d1a3591c3b746d"},
    {file = "biopython-1.86-cp313-cp313-manylinux_2_17_x86_64.manylinux2014_x86_64.whl", hash = "sha256:137fe9aafd93baa5127d17534b473f6646f92a883f52b34f7c306b800ac50038"},
    {file = "biopython-1.86-cp313-cp313-manylinux_2_5_i686.manylinux1_i686.manylinux_2_17_i686.manylinux2014_i686.whl", hash = "sha256:e784dc8382430c9893aa084ca18fe8a8815b5811f1c324492ef3f4b54e664fff"},
    {file = "biopython-1.86-cp313-cp313-win32.whl", hash = "sha256:5329a777ba90ea624447173046e77c4df2862acc46eea4e94fe2211fe041750f"},
    {file = "biopython-1.86-cp313-cp313-win_amd64.whl", hash = "sha256:f6f2f1dc75423b15d8a22b8eceae32785736612b6740688526401b8c2d821270"},
    {file = "biopython-1.86-cp314-cp314-macosx_10_15_x86_64.whl", hash = "sha256:236ca61aa996f12cbc65a8d6a15abfac70b9ee800656629b784c6a240e7d8dc0"},
    {file = "biopython-1.86-cp314-cp314-macosx_11_0_arm64.whl", hash = "sha256:f96b7441f456c7eecad5c6e61e75b0db1435c489be7cc5e4f97dd4e60921747c"},
    {file = "biopython-1.86-cp314-cp314-manylinux2014_aarch64.manylinux_2_17_aarch64.manylinux_2_28_aarch64.whl", hash = "sha256:d53a78bf960397826219f08f87b061ad7f227527d19986e830eeab60d370b597"},
    {file = "biopython-1.86-cp314-cp314-manylinux2014_x86_64.manylinux_2_17_x86_64.manylinux_2_28_x86_64.whl", hash = "sha256:bb86e4383c02fdb2571a38947153346e6f5cd38e22de1df40f54d2a3c51d02a8"},
    {file = "biopython-1.86-cp314-cp314-win32.whl", hash = "sha256:ffeba620c4786ea836efee235a9c6333b94e922b89de1449a4782dcc15246ff1"},
    {file = "biopython-1.86-cp314-cp314-win_amd64.whl", hash = "sha256:efbb9bc4415a1e2c1c986ba261b02857bc0c9eed098b15493f1cc5c4a1e02409"},
    {file = "biopython-1.86-cp314-cp314t-macosx_10_15_x86_64.whl", hash = "sha256:caa70c1639b3306549605f9273753bdbf8cd6d6d352cecf23afbda3c911694f3"},
    {file = "biopython-1.86-cp314-cp314t-macosx_11_0_arm64.whl", hash = "sha256:d077f01d1f69f77a26cac46163d4ea45eb4e6509a68feb7f15e665b7e1de0a99"},
    {file = "biopython-1.86-cp314-cp314t-manylinux2014_aarch64.manylinux_2_17_aarch64.manylinux_2_28_aarch64.whl", hash = "sha256:4506ce7dbdf885cb24d1f5439362c3c07f1b6f90761a0d20fe16a2a9ea5702a5"},
    {file = "biopython-1.86-cp314-cp314t-manylinux2014_x86_64.manylinux_2_17_x86_64.manylinux_2_28_x86_64.whl", hash = "sha256:dcd94717e83ba891ebd9acaecbf05ad38313095ca5706caf6c38fa3f2aa17528"},
    {file = "biopython-1.86-cp314-cp314t-win32.whl", hash = "sha256:2f6b205dcb4101cefa5c615114bd35a19f656abb9d340eb3cf190f829e43800a"},
    {file = "biopython-1.86-cp314-cp314t-win_amd64.whl", hash = "sha256:efeee7c37f2331d2c55704df39e122189cc237ffd7511f34158418ad728131b8"},
    {file = "biopython-1.86.tar.gz", hash = "sha256:93a50b586a4d2cec68ab2f99d03ef583c5761d8fba5535cb8e81da781d0d92ff"},
]

[package.dependencies]
numpy = "*"

[[package]]
name = "certifi"
version = "2026.1.4"
description = "Python package for providing Mozilla's CA Bundle."
optional = false
python-versions = ">=3.7"
groups = ["main"]
files = [
    {file = "certifi-2026.1.4-py3-none-any.whl", hash = "sha256:9943707519e4add1115f44c2bc244f782c0249876bf51b6599fee1ffbedd685c"},
    {file = "certifi-2026.1.4.tar.gz", hash = "sha256:ac726dd470482006e014ad384921ed6438c457018f4b3d204aea4281258b2120"},
]

[[package]]
name = "charset-normalizer"
version = "3.4.4"
description = "The Real First Universal Charset Detector. Open, modern and actively maintained alternative to Chardet."
optional = false
python-versions = ">=3.7"
groups = ["main"]
files = [
    {file = "charset_normalizer-3.4.4-cp310-cp310-macosx_10_9_universal2.whl", hash = "sha256:e824f1492727fa856dd6eda4f7cee25f8518a12f3c4a56a74e8095695089cf6d"},
    {file = "charset_normalizer-3.4.4-cp310-cp310-manylinux2014_aarch64.manylinux_2_17_aarch64.manylinux_2_28_aarch64.whl", hash = "sha256:4bd5d4137d500351a30687c2d3971758aac9a19208fc110ccb9d7188fbe709e8"},
    {file = "charset_normalizer-3.4.4-cp310-cp310-manylinux2014_armv7l.manylinux_2_17_armv7l.manylinux_2_31_armv7l.whl", hash = "sha256:027f6de494925c0ab2a55eab46ae5129951638a49a34d87f4c3eda90f696b4ad"},
    {file = "charset_normalizer-3.4.4-cp310-cp310-manylinux2014_ppc64le.manylinux_2_17_ppc64le.manylinux_2_28_ppc64le.whl", hash = "sha256:f820802628d2694cb7e56db99213f930856014862f3fd943d290ea8438d07ca8"},
    {file = "charset_normalizer-3.4.4-cp310-cp310-manylinux2014_s390x.manylinux_2_17_s390x.manylinux_2_28_s390x.whl", hash = "sha256:798d75d81754988d2565bff1b97ba5a44411867c0cf32b77a7e8f8d84796b10d"},
    {file = "charset_normalizer-3.4.4-cp310-cp310-manylinux2014_x86_64.manylinux_2_17_x86_64.manylinux_2_28_x86_64.whl", hash = "sha256:9d1bb833febdff5c8927f922386db610b49db6e0d4f4ee29601d71e7c2694313"},
    {file = "charset_normalizer-3.4.4-cp310-cp310-manylinux_2_31_riscv64.manylinux_2_39_riscv64.whl", hash = "sha256:9cd98cdc06614a2f768d2b7286d66805f94c48cde050acdbbb7db2600ab3197e"},
    {file = "charset_normalizer-3.4.4-cp310-cp310-musllinux_1_2_aarch64.whl", hash = "sha256:077fbb858e903c73f6c9db43374fd213b0b6a778106bc7032446a8e8b5b38b93"},
    {file = "charset_normalizer-3.4.4-cp310-cp310-musllinux_1_2_armv7l.whl", hash = "sha256:244bfb999c71b35de57821b8ea746b24e863398194a4014e4c76adc2bbdfeff0"},
    {file = "charset_normalizer-3.4.4-cp310-cp310-musllinux_1_2_ppc64le.whl", hash = "sha256:64b55f9dce520635f018f907ff1b0df1fdc31f2795a922fb49dd14fbcdf48c84"},
    {file = "charset_normalizer-3.4.4-cp310-cp310-musllinux_1_2_riscv64.whl", hash = "sha256:faa3a41b2b66b6e50f84ae4a68c64fcd0c44355741c6374813a800cd6695db9e"},
    {file = "charset_normalizer-3.4.4-cp310-cp310-musllinux_1_2_s390x.whl", hash = "sha256:6515f3182dbe4ea06ced2d9e8666d97b46ef4c75e326b79bb624110f122551db"},
    {file = "charset_normalizer-3.4.4-cp310-cp310-musllinux_1_2_x86_64.whl", hash = "sha256:cc00f04ed596e9dc0da42ed17ac5e596c6ccba999ba6bd92b0e0aef2f170f2d6"},
    {file = "charset_normalizer-3.4.4-cp310-cp310-win32.whl", hash = "sha256:f34be2938726fc13801220747472850852fe6b1ea75869a048d6f896838c896f"},
    {file = "charset_normalizer-3.4.4-cp310-cp310-win_amd64.whl", hash = "sha256:a61900df84c667873b292c3de315a786dd8dac506704dea57bc957bd31e22c7d"},
    {file = "charset_normalizer-3.4.4-cp310-cp310-win_arm64.whl", hash = "sha256:cead0978fc57397645f12578bfd2d5ea9138ea0fac82b2f63f7f7c6877986a69"},
    {file = "charset_normalizer-3.4.4-cp311-cp311-macosx_10_9_universal2.whl", hash = "sha256:6e1fcf0720908f200cd21aa4e6750a48ff6ce4afe7ff5a79a90d5ed8a08296f8"},
    {file = "charset_normalizer-3.4.4-cp311-cp311-manylinux2014_aarch64.manylinux_2_17_aarch64.manylinux_2_28_aarch64.whl", hash = "sha256:5f819d5fe9234f9f82d75bdfa9aef3a3d72c4d24a6e57aeaebba32a704553aa0"},
    {file = "charset_normalizer-3.4.4-cp311-cp311-manylinux2014_armv7l.manylinux_2_17_armv7l.manylinux_2_31_armv7l.whl", hash = "sha256:a59cb51917aa591b1c4e6a43c132f0cdc3c76dbad6155df4e28ee626cc77a0a3"},
    {file = "charset_normalizer-3.4.4-cp311-cp311-manylinux2014_ppc64le.manylinux_2_17_ppc64le.manylinux_2_28_ppc64le.whl", hash = "sha256:8ef3c867360f88ac904fd3f5e1f902f13307af9052646963ee08ff4f131adafc"},
    {file = "charset_normalizer-3.4.4-cp311-cp311-manylinux2014_s390x.manylinux_2_17_s390x.manylinux_2_28_s390x.whl", hash = "sha256:d9e45d7faa48ee908174d8fe84854479ef838fc6a705c9315372eacbc2f02897"},
    {file = "charset_normalizer-3.4.4-cp311-cp311-manylinux2014_x86_64.manylinux_2_17_x86_64.manylinux_2_28_x86_64.whl", hash = "sha256:840c25fb618a231545cbab0564a799f101b63b9901f2569faecd6b222ac72381"},
    {file = "charset_normalizer-3.4.4-cp311-cp311-manylinux_2_31_riscv64.manylinux_2_39_riscv64.whl", hash = "sha256:ca5862d5b3928c4940729dacc329aa9102900382fea192fc5e52eb69d6093815"},
    {file = "charset_normalizer-3.4.4-cp311-cp311-musllinux_1_2_aarch64.whl", hash = "sha256:d9c7f57c3d666a53421049053eaacdd14bbd0a528e2186fcb2e672effd053bb0"},
    {file = "charset_normalizer-3.4.4-cp311-cp311-musllinux_1_2_armv7l.whl", hash = "sha256:277e970e750505ed74c832b4bf75dac7476262ee2a013f5574dd49075879e161"},
    {file = "charset_normalizer-3.4.4-cp311-cp311-musllinux_1_2_ppc64le.whl", hash = "sha256:31fd66405eaf47bb62e8cd575dc621c56c668f27d46a61d975a249930dd5e2a4"},
    {file = "charset_normalizer-3.4.4-cp311-cp311-musllinux_1_2_riscv64.whl", hash = "sha256:0d3d8f15c07f86e9ff82319b3d9ef6f4bf907608f53fe9d92b28ea9ae3d1fd89"},
    {file = "charset_normalizer-3.4.4-cp311-cp311-musllinux_1_2_s390x.whl", hash = "sha256:9f7fcd74d410a36883701fafa2482a6af2ff5ba96b9a620e9e0721e28ead5569"},
    {file = "charset_normalizer-3.4.4-cp311-cp311-musllinux_1_2_x86_64.whl", hash = "sha256:ebf3e58c7ec8a8bed6d66a75d7fb37b55e5015b03ceae72a8e7c74495551e224"},
    {file = "charset_normalizer-3.4.4-cp311-cp311-win32.whl", hash = "sha256:eecbc200c7fd5ddb9a7f16c7decb07b566c29fa2161a16cf67b8d068bd21690a"},
    {file = "charset_normalizer-3.4.4-cp311-cp311-win_amd64.whl", hash = "sha256:5ae497466c7901d54b639cf42d5b8c1b6a4fead55215500d2f486d34db48d016"},
    {file = "charset_normalizer-3.4.4-cp311-cp311-win_arm64.whl", hash = "sha256:65e2befcd84bc6f37095f5961e68a6f077bf44946771354a28ad434c2cce0ae1"},
    {file = "charset_normalizer-3.4.4-cp312-cp312-macosx_10_13_universal2.whl", hash = "sha256:0a98e6759f854bd25a58a73fa88833fba3b7c491169f86ce1180c948ab3fd394"},
    {file = "charset_normalizer-3.4.4-cp312-cp312-manylinux2014_aarch64.manylinux_2_17_aarch64.manylinux_2_28_aarch64.whl", hash = "sha256:b5b290ccc2a263e8d185130284f8501e3e36c5e02750fc6b6bdeb2e9e96f1e25"},
    {file = "charset_normalizer-3.4.4-cp312-cp312-manylinux2014_armv7l.manylinux_2_17_armv7l.manylinux_2_31_armv7l.whl", hash = "sha256:74bb723680f9f7a6234dcf67aea57e708ec1fbdf5699fb91dfd6f511b0a320ef"},
    {file = "charset_normalizer-3.4.4-cp312-cp312-manylinux2014_ppc64le.manylinux_2_17_ppc64le.manylinux_2_28_ppc64le.whl", hash = "sha256:f1e34719c6ed0b92f418c7c780480b26b5d9c50349e9a9af7d76bf757530350d"},
    {file = "charset_normalizer-3.4.4-cp312-cp312-manylinux2014_s390x.manylinux_2_17_s390x.manylinux_2_28_s390x.whl", hash = "sha256:2437418e20515acec67d86e12bf70056a33abdacb5cb1655042f6538d6b085a8"},
    {file = "charset_normalizer-3.4.4-cp312-cp312-manylinux2014_x86_64.manylinux_2_17_x86_64.manylinux_2_28_x86_64.whl", hash = "sha256:11d694519d7f29d6cd09f6ac70028dba10f92f6cdd059096db198c283794ac86"},
    {file = "charset_normalizer-3.4.4-cp312-cp312-manylinux_2_31_riscv64.manylinux_2_39_riscv64.whl", hash = "sha256:ac1c4a689edcc530fc9d9aa11f5774b9e2f33f9a0c6a57864e90908f5208d30a"},
    {file = "charset_normalizer-3.4.4-cp312-cp312-musllinux_1_2_aarch64.whl", hash = "sha256:21d142cc6c0ec30d2efee5068ca36c128a30b0f2c53c1c07bd78cb6bc1d3be5f"},
    {file = "charset_normalizer-3.4.4-cp312-cp312-musllinux_1_2_armv7l.whl", hash = "sha256:5dbe56a36425d26d6cfb40ce79c314a2e4dd6211d51d6d2191c00bed34f354cc"},
    {file = "charset_normalizer-3.4.4-cp312-cp312-musllinux_1_2_ppc64le.whl", hash = "sha256:5bfbb1b9acf3334612667b61bd3002196fe2a1eb4dd74d247e0f2a4d50ec9bbf"},
    {file = "charset_normalizer-3.4.4-cp312-cp312-musllinux_1_2_riscv64.whl", hash = "sha256:d055ec1e26e441f6187acf818b73564e6e6282709e9bcb5b63f5b23068356a15"},
    {file = "charset_normalizer-3.4.4-cp312-cp312-musllinux_1_2_s390x.whl", hash = "sha256:af2d8c67d8e573d6de5bc30cdb27e9b95e49115cd9baad5ddbd1a6207aaa82a9"},
    {file = "charset_normalizer-3.4.4-cp312-cp312-musllinux_1_2_x86_64.whl", hash = "sha256:780236ac706e66881f3b7f2f32dfe90507a09e67d1d454c762cf642e6e1586e0"},
    {file = "charset_normalizer-3.4.4-cp312-cp312-win32.whl", hash = "sha256:5833d2c39d8896e4e19b689ffc198f08ea58116bee26dea51e362ecc7cd3ed26"},
    {file = "charset_normalizer-3.4.4-cp312-cp312-win_amd64.whl", hash = "sha256:a79cfe37875f822425b89a82333404539ae63dbdddf97f84dcbc3d339aae9525"},
    {file = "charset_normalizer-3.4.4-cp312-cp312-win_arm64.whl", hash = "sha256:376bec83a63b8021bb5c8ea75e21c4ccb86e7e45ca4eb81146091b56599b80c3"},
    {file = "charset_normalizer-3.4.4-cp313-cp313-macosx_10_13_universal2.whl", hash = "sha256:e1f185f86a6f3403aa2420e815904c67b2f9ebc443f045edd0de921108345794"},
    {file = "charset_normalizer-3.4.4-cp313-cp313-manylinux2014_aarch64.manylinux_2_17_aarch64.manylinux_2_28_aarch64.whl", hash = "sha256:6b39f987ae8ccdf0d2642338faf2abb1862340facc796048b604ef14919e55ed"},
    {file = "charset_normalizer-3.4.4-cp313-cp313-manylinux2014_armv7l.manylinux_2_17_armv7l.manylinux_2_31_armv7l.whl", hash = "sha256:3162d5d8ce1bb98dd51af660f2121c55d0fa541b46dff7bb9b9f86ea1d87de72"},
    {file = "charset_normalizer-3.4.4-cp313-cp313-manylinux2014_ppc64le.manylinux_2_17_ppc64le.manylinux_2_28_ppc64le.whl", hash = "sha256:81d5eb2a312700f4ecaa977a8235b634ce853200e828fbadf3a9c50bab278328"},
    {file = "charset_normalizer-3.4.4-cp313-cp313-manylinux2014_s390x.manylinux_2_17_s390x.manylinux_2_28_s390x.whl", hash = "sha256:5bd2293095d766545ec1a8f612559f6b40abc0eb18bb2f5d1171872d34036ede"},
    {file = "charset_normalizer-3.4.4-cp313-cp313-manylinux2014_x86_64.manylinux_2_17_x86_64.manylinux_2_28_x86_64.whl", hash = "sha256:a8a8b89589086a25749f471e6a900d3f662d1d3b6e2e59dcecf787b1cc3a1894"},
    {file = "charset_normalizer-3.4.4-cp313-cp313-manylinux_2_31_riscv64.manylinux_2_39_riscv64.whl", hash = "sha256:bc7637e2f80d8530ee4a78e878bce464f70087ce73cf7c1caf142416923b98f1"},
    {file = "charset_normalizer-3.4.4-cp313-cp313-musllinux_1_2_aarch64.whl", hash = "sha256:f8bf04158c6b607d747e93949aa60618b61312fe647a6369f88ce2ff16043490"},
    {file = "charset_normalizer-3.4.4-cp313-cp313-musllinux_1_2_armv7l.whl", hash = "sha256:554af85e960429cf30784dd47447d5125aaa3b99a6f0683589dbd27e2f45da44"},
    {file = "charset_normalizer-3.4.4-cp313-cp313-musllinux_1_2_ppc64le.whl", hash = "sha256:74018750915ee7ad843a774364e13a3db91682f26142baddf775342c3f5b1133"},
    {file = "charset_normalizer-3.4.4-cp313-cp313-musllinux_1_2_riscv64.whl", hash = "sha256:c0463276121fdee9c49b98908b3a89c39be45d86d1dbaa22957e38f6321d4ce3"},
    {file = "charset_normalizer-3.4.4-cp313-cp313-musllinux_1_2_s390x.whl", hash = "sha256:362d61fd13843997c1c446760ef36f240cf81d3ebf74ac62652aebaf7838561e"},
    {file = "charset_normalizer-3.4.4-cp313-cp313-musllinux_1_2_x86_64.whl", hash = "sha256:9a26f18905b8dd5d685d6d07b0cdf98a79f3c7a918906af7cc143ea2e164c8bc"},
    {file = "charset_normalizer-3.4.4-cp313-cp313-win32.whl", hash = "sha256:9b35f4c90079ff2e2edc5b26c0c77925e5d2d255c42c74fdb70fb49b172726ac"},
    {file = "charset_normalizer-3.4.4-cp313-cp313-win_amd64.whl", hash = "sha256:b435cba5f4f750aa6c0a0d92c541fb79f69a387c91e61f1795227e4ed9cece14"},
    {file = "charset_normalizer-3.4.4-cp313-cp313-win_arm64.whl", hash = "sha256:542d2cee80be6f80247095cc36c418f7bddd14f4a6de45af91dfad36d817bba2"},
    {file = "charset_normalizer-3.4.4-cp314-cp314-macosx_10_13_universal2.whl", hash = "sha256:da3326d9e65ef63a817ecbcc0df6e94463713b754fe293eaa03da99befb9a5bd"},
    {file = "charset_normalizer-3.4.4-cp314-cp314-manylinux2014_aarch64.manylinux_2_17_aarch64.manylinux_2_28_aarch64.whl", hash = "sha256:8af65f14dc14a79b924524b1e7fffe304517b2bff5a58bf64f30b98bbc5079eb"},
    {file = "charset_normalizer-3.4.4-cp314-cp314-manylinux2014_armv7l.manylinux_2_17_armv7l.manylinux_2_31_armv7l.whl", hash = "sha256:74664978bb272435107de04e36db5a9735e78232b85b77d45cfb38f758efd33e"},
    {file = "charset_normalizer-3.4.4-cp314-cp314-manylinux2014_ppc64le.manylinux_2_17_ppc64le.manylinux_2_28_ppc64le.whl", hash = "sha256:752944c7ffbfdd10c074dc58ec2d5a8a4cd9493b314d367c14d24c17684ddd14"},
    {file = "charset_normalizer-3.4.4-cp314-cp314-manylinux2014_s390x.manylinux_2_17_s390x.manylinux_2_28_s390x.whl", hash = "sha256:d1f13550535ad8cff21b8d757a3257963e951d96e20ec82ab44bc64aeb62a191"},
    {file = "charset_normalizer-3.4.4-cp314-cp314-manylinux2014_x86_64.manylinux_2_17_x86_64.manylinux_2_28_x86_64.whl", hash = "sha256:ecaae4149d99b1c9e7b88bb03e3221956f68fd6d50be2ef061b2381b61d20838"},
    {file = "charset_normalizer-3.4.4-cp314-cp314-manylinux_2_31_riscv64.manylinux_2_39_riscv64.whl", hash = "sha256:cb6254dc36b47a990e59e1068afacdcd02958bdcce30bb50cc1700a8b9d624a6"},
    {file = "charset_normalizer-3.4.4-cp314-cp314-musllinux_1_2_aarch64.whl", hash = "sha256:c8ae8a0f02f57a6e61203a31428fa1d677cbe50c93622b4149d5c0f319c1d19e"},
    {file = "charset_normalizer-3.4.4-cp314-cp314-musllinux_1_2_armv7l.whl", hash = "sha256:47cc91b2f4dd2833fddaedd2893006b0106129d4b94fdb6af1f4ce5a9965577c"},
    {file = "charset_normalizer-3.4.4-cp314-cp314-musllinux_1_2_ppc64le.whl", hash = "sha256:82004af6c302b5d3ab2cfc4cc5f29db16123b1a8417f2e25f9066f91d4411090"},
    {file = "charset_normalizer-3.4.4-cp314-cp314-musllinux_1_2_riscv64.whl", hash = "sha256:2b7d8f6c26245217bd2ad053761201e9f9680f8ce52f0fcd8d0755aeae5b2152"},
    {file = "charset_normalizer-3.4.4-cp314-cp314-musllinux_1_2_s390x.whl", hash = "sha256:799a7a5e4fb2d5898c60b640fd4981d6a25f1c11790935a44ce38c54e985f828"},
    {file = "charset_normalizer-3.4.4-cp314-cp314-musllinux_1_2_x86_64.whl", hash = "sha256:99ae2cffebb06e6c22bdc25801d7b30f503cc87dbd283479e7b606f70aff57ec"},
    {file = "charset_normalizer-3.4.4-cp314-cp314-win32.whl", hash = "sha256:f9d332f8c2a2fcbffe1378594431458ddbef721c1769d78e2cbc06280d8155f9"},
    {file = "charset_normalizer-3.4.4-cp314-cp314-win_amd64.whl", hash = "sha256:8a6562c3700cce886c5be75ade4a5db4214fda19fede41d9792d100288d8f94c"},
    {file = "charset_normalizer-3.4.4-cp314-cp314-win_arm64.whl", hash = "sha256:de00632ca48df9daf77a2c65a484531649261ec9f25489917f09e455cb09ddb2"},
    {file = "charset_normalizer-3.4.4-cp38-cp38-macosx_10_9_universal2.whl", hash = "sha256:ce8a0633f41a967713a59c4139d29110c07e826d131a316b50ce11b1d79b4f84"},
    {file = "charset_normalizer-3.4.4-cp38-cp38-manylinux2014_aarch64.manylinux_2_17_aarch64.manylinux_2_28_aarch64.whl", hash = "sha256:eaabd426fe94daf8fd157c32e571c85cb12e66692f15516a83a03264b08d06c3"},
    {file = "charset_normalizer-3.4.4-cp38-cp38-manylinux2014_armv7l.manylinux_2_17_armv7l.manylinux_2_31_armv7l.whl", hash = "sha256:c4ef880e27901b6cc782f1b95f82da9313c0eb95c3af699103088fa0ac3ce9ac"},
    {file = "charset_normalizer-3.4.4-cp38-cp38-manylinux2014_ppc64le.manylinux_2_17_ppc64le.manylinux_2_28_ppc64le.whl", hash = "sha256:2aaba3b0819274cc41757a1da876f810a3e4d7b6eb25699253a4effef9e8e4af"},
    {file = "charset_normalizer-3.4.4-cp38-cp38-manylinux2014_s390x.manylinux_2_17_s390x.manylinux_2_28_s390x.whl", hash = "sha256:778d2e08eda00f4256d7f672ca9fef386071c9202f5e4607920b86d7803387f2"},
    {file = "charset_normalizer-3.4.4-cp38-cp38-manylinux2014_x86_64.manylinux_2_17_x86_64.manylinux_2_28_x86_64.whl", hash = "sha256:f155a433c2ec037d4e8df17d18922c3a0d9b3232a396690f17175d2946f0218d"},
    {file = "charset_normalizer-3.4.4-cp38-cp38-manylinux_2_31_riscv64.manylinux_2_39_riscv64.whl", hash = "sha256:a8bf8d0f749c5757af2142fe7903a9df1d2e8aa3841559b2bad34b08d0e2bcf3"},
    {file = "charset_normalizer-3.4.4-cp38-cp38-musllinux_1_2_aarch64.whl", hash = "sha256:194f08cbb32dc406d6e1aea671a68be0823673db2832b38405deba2fb0d88f63"},
    {file = "charset_normalizer-3.4.4-cp38-cp38-musllinux_1_2_armv7l.whl", hash = "sha256:6aee717dcfead04c6eb1ce3bd29ac1e22663cdea57f943c87d1eab9a025438d7"},
    {file = "charset_normalizer-3.4.4-cp38-cp38-musllinux_1_2_ppc64le.whl", hash = "sha256:cd4b7ca9984e5e7985c12bc60a6f173f3c958eae74f3ef6624bb6b26e2abbae4"},
    {file = "charset_normalizer-3.4.4-cp38-cp38-musllinux_1_2_riscv64.whl", hash = "sha256:b7cf1017d601aa35e6bb650b6ad28652c9cd78ee6caff19f3c28d03e1c80acbf"},
    {file = "charset_normalizer-3.4.4-cp38-cp38-musllinux_1_2_s390x.whl", hash = "sha256:e912091979546adf63357d7e2ccff9b44f026c075aeaf25a52d0e95ad2281074"},
    {file = "charset_normalizer-3.4.4-cp38-cp38-musllinux_1_2_x86_64.whl", hash = "sha256:5cb4d72eea50c8868f5288b7f7f33ed276118325c1dfd3957089f6b519e1382a"},
    {file = "charset_normalizer-3.4.4-cp38-cp38-win32.whl", hash = "sha256:837c2ce8c5a65a2035be9b3569c684358dfbf109fd3b6969630a87535495ceaa"},
    {file = "charset_normalizer-3.4.4-cp38-cp38-win_amd64.whl", hash = "sha256:44c2a8734b333e0578090c4cd6b16f275e07aa6614ca8715e6c038e865e70576"},
    {file = "charset_normalizer-3.4.4-cp39-cp39-macosx_10_9_universal2.whl", hash = "sha256:a9768c477b9d7bd54bc0c86dbaebdec6f03306675526c9927c0e8a04e8f94af9"},
    {file = "charset_normalizer-3.4.4-cp39-cp39-manylinux2014_aarch64.manylinux_2_17_aarch64.manylinux_2_28_aarch64.whl", hash = "sha256:1bee1e43c28aa63cb16e5c14e582580546b08e535299b8b6158a7c9c768a1f3d"},
    {file = "charset_normalizer-3.4.4-cp39-cp39-manylinux2014_armv7l.manylinux_2_17_armv7l.manylinux_2_31_armv7l.whl", hash = "sha256:fd44c878ea55ba351104cb93cc85e74916eb8fa440ca7903e57575e97394f608"},
    {file = "charset_normalizer-3.4.4-cp39-cp39-manylinux2014_ppc64le.manylinux_2_17_ppc64le.manylinux_2_28_ppc64le.whl", hash = "sha256:0f04b14ffe5fdc8c4933862d8306109a2c51e0704acfa35d51598eb45a1e89fc"},
    {file = "charset_normalizer-3.4.4-cp39-cp39-manylinux2014_s390x.manylinux_2_17_s390x.manylinux_2_28_s390x.whl", hash = "sha256:cd09d08005f958f370f539f186d10aec3377d55b9eeb0d796025d4886119d76e"},
    {file = "charset_normalizer-3.4.4-cp39-cp39-manylinux2014_x86_64.manylinux_2_17_x86_64.manylinux_2_28_x86_64.whl", hash = "sha256:4fe7859a4e3e8457458e2ff592f15ccb02f3da787fcd31e0183879c3ad4692a1"},
    {file = "charset_normalizer-3.4.4-cp39-cp39-manylinux_2_31_riscv64.manylinux_2_39_riscv64.whl", hash = "sha256:fa09f53c465e532f4d3db095e0c55b615f010ad81803d383195b6b5ca6cbf5f3"},
    {file = "charset_normalizer-3.4.4-cp39-cp39-musllinux_1_2_aarch64.whl", hash = "sha256:7fa17817dc5625de8a027cb8b26d9fefa3ea28c8253929b8d6649e705d2835b6"},
    {file = "charset_normalizer-3.4.4-cp39-cp39-musllinux_1_2_armv7l.whl", hash = "sha256:5947809c8a2417be3267efc979c47d76a079758166f7d43ef5ae8e9f92751f88"},
    {file = "charset_normalizer-3.4.4-cp39-cp39-musllinux_1_2_ppc64le.whl", hash = "sha256:4902828217069c3c5c71094537a8e623f5d097858ac6ca8252f7b4d10b7560f1"},
    {file = "charset_normalizer-3.4.4-cp39-cp39-musllinux_1_2_riscv64.whl", hash = "sha256:7c308f7e26e4363d79df40ca5b2be1c6ba9f02bdbccfed5abddb7859a6ce72cf"},
    {file = "charset_normalizer-3.4.4-cp39-cp39-musllinux_1_2_s390x.whl", hash = "sha256:2c9d3c380143a1fedbff95a312aa798578371eb29da42106a29019368a475318"},
    {file = "charset_normalizer-3.4.4-cp39-cp39-musllinux_1_2_x86_64.whl", hash = "sha256:cb01158d8b88ee68f15949894ccc6712278243d95f344770fa7593fa2d94410c"},
    {file = "charset_normalizer-3.4.4-cp39-cp39-win32.whl", hash = "sha256:2677acec1a2f8ef614c6888b5b4ae4060cc184174a938ed4e8ef690e15d3e505"},
    {file = "charset_normalizer-3.4.4-cp39-cp39-win_amd64.whl", hash = "sha256:f8e160feb2aed042cd657a72acc0b481212ed28b1b9a95c0cee1621b524e1966"},
    {file = "charset_normalizer-3.4.4-cp39-cp39-win_arm64.whl", hash = "sha256:b5d84d37db046c5ca74ee7bb47dd6cbc13f80665fdde3e8040bdd3fb015ecb50"},
    {file = "charset_normalizer-3.4.4-py3-none-any.whl", hash = "sha256:7a32c560861a02ff789ad905a2fe94e3f840803362c84fecf1851cb4cf3dc37f"},
    {file = "charset_normalizer-3.4.4.tar.gz", hash = "sha256:94537985111c35f28720e43603b8e7b43a6ecfb2ce1d3058bbe955b73404e21a"},
]

[[package]]
name = "cython"
version = "3.2.4"
description = "The Cython compiler for writing C extensions in the Python language."
optional = false
python-versions = ">=3.8"
groups = ["main"]
files = [
    {file = "cython-3.2.4-cp310-cp310-macosx_11_0_arm64.whl", hash = "sha256:02cb0cc0f23b9874ad262d7d2b9560aed9c7e2df07b49b920bda6f2cc9cb505e"},
    {file = "cython-3.2.4-cp310-cp310-manylinux2014_aarch64.manylinux_2_17_aarch64.manylinux_2_28_aarch64.whl", hash = "sha256:f136f379a4a54246facd0eb6f1ee15c3837cb314ce87b677582ec014db4c6845"},
    {file = "cython-3.2.4-cp310-cp310-manylinux2014_x86_64.manylinux_2_17_x86_64.manylinux_2_28_x86_64.whl", hash = "sha256:35ab0632186057406ec729374c737c37051d2eacad9d515d94e5a3b3e58a9b02"},
    {file = "cython-3.2.4-cp310-cp310-win_amd64.whl", hash = "sha256:ca2399dc75796b785f74fb85c938254fa10c80272004d573c455f9123eceed86"},
    {file = "cython-3.2.4-cp311-cp311-macosx_11_0_arm64.whl", hash = "sha256:ff9af2134c05e3734064808db95b4dd7341a39af06e8945d05ea358e1741aaed"},
    {file = "cython-3.2.4-cp311-cp311-manylinux2014_aarch64.manylinux_2_17_aarch64.manylinux_2_28_aarch64.whl", hash = "sha256:67922c9de058a0bfb72d2e75222c52d09395614108c68a76d9800f150296ddb3"},
    {file = "cython-3.2.4-cp311-cp311-manylinux2014_x86_64.manylinux_2_17_x86_64.manylinux_2_28_x86_64.whl", hash = "sha256:b362819d155fff1482575e804e43e3a8825332d32baa15245f4642022664a3f4"},
    {file = "cython-3.2.4-cp311-cp311-win_amd64.whl", hash = "sha256:1a64a112a34ec719b47c01395647e54fb4cf088a511613f9a3a5196694e8e382"},
    {file = "cython-3.2.4-cp312-cp312-macosx_11_0_arm64.whl", hash = "sha256:64d7f71be3dd6d6d4a4c575bb3a4674ea06d1e1e5e4cd1b9882a2bc40ed3c4c9"},
    {file = "cython-3.2.4-cp312-cp312-manylinux2014_aarch64.manylinux_2_17_aarch64.manylinux_2_28_aarch64.whl", hash = "sha256:869487ea41d004f8b92171f42271fbfadb1ec03bede3158705d16cd570d6b891"},
    {file = "cython-3.2.4-cp312-cp312-manylinux2014_x86_64.manylinux_2_17_x86_64.manylinux_2_28_x86_64.whl", hash = "sha256:55b6c44cd30821f0b25220ceba6fe636ede48981d2a41b9bbfe3c7902ce44ea7"},
    {file = "cython-3.2.4-cp312-cp312-win_amd64.whl", hash = "sha256:767b143704bdd08a563153448955935844e53b852e54afdc552b43902ed1e235"},
    {file = "cython-3.2.4-cp313-cp313-macosx_11_0_arm64.whl", hash = "sha256:28e8075087a59756f2d059273184b8b639fe0f16cf17470bd91c39921bc154e0"},
    {file = "cython-3.2.4-cp313-cp313-manylinux2014_aarch64.manylinux_2_17_aarch64.manylinux_2_28_aarch64.whl", hash = "sha256:03893c88299a2c868bb741ba6513357acd104e7c42265809fd58dce1456a36fc"},
    {file = "cython-3.2.4-cp313-cp313-manylinux2014_x86_64.manylinux_2_17_x86_64.manylinux_2_28_x86_64.whl", hash = "sha256:f81eda419b5ada7b197bbc3c5f4494090e3884521ffd75a3876c93fbf66c9ca8"},
    {file = "cython-3.2.4-cp313-cp313-win_amd64.whl", hash = "sha256:83266c356c13c68ffe658b4905279c993d8a5337bb0160fa90c8a3e297ea9a2e"},
    {file = "cython-3.2.4-cp314-cp314-macosx_11_0_arm64.whl", hash = "sha256:d4b4fd5332ab093131fa6172e8362f16adef3eac3179fd24bbdc392531cb82fa"},
    {file = "cython-3.2.4-cp314-cp314-manylinux2014_aarch64.manylinux_2_17_aarch64.manylinux_2_28_aarch64.whl", hash = "sha256:e3b5ac54e95f034bc7fb07313996d27cbf71abc17b229b186c1540942d2dc28e"},
    {file = "cython-3.2.4-cp314-cp314-manylinux2014_x86_64.manylinux_2_17_x86_64.manylinux_2_28_x86_64.whl", hash = "sha256:90f43be4eaa6afd58ce20d970bb1657a3627c44e1760630b82aa256ba74b4acb"},
    {file = "cython-3.2.4-cp314-cp314-win_amd64.whl", hash = "sha256:983f9d2bb8a896e16fa68f2b37866ded35fa980195eefe62f764ddc5f9f5ef8e"},
    {file = "cython-3.2.4-cp38-cp38-macosx_11_0_arm64.whl", hash = "sha256:55eb425c0baf1c8a46aa4424bc35b709db22f3c8a1de33adb3ecb8a3d54ea42a"},
    {file = "cython-3.2.4-cp38-cp38-manylinux2014_aarch64.manylinux_2_17_aarch64.manylinux_2_28_aarch64.whl", hash = "sha256:f583cad7a7eed109f0babb5035e92d0c1260598f53add626a8568b57246b62c3"},
    {file = "cython-3.2.4-cp38-cp38-manylinux2014_x86_64.manylinux_2_17_x86_64.manylinux_2_28_x86_64.whl", hash = "sha256:72e6c0bbd978e2678b45351395f6825b9b8466095402eae293f4f7a73e9a3e85"},
    {file = "cython-3.2.4-cp38-cp38-win_amd64.whl", hash = "sha256:14dae483ca2838b287085ff98bc206abd7a597b7bb16939a092f8e84d9062842"},
    {file = "cython-3.2.4-cp39-abi3-macosx_10_9_x86_64.whl", hash = "sha256:36bf3f5eb56d5281aafabecbaa6ed288bc11db87547bba4e1e52943ae6961ccf"},
    {file = "cython-3.2.4-cp39-abi3-manylinux1_i686.manylinux_2_28_i686.manylinux_2_5_i686.whl", hash = "sha256:6d5267f22b6451eb1e2e1b88f6f78a2c9c8733a6ddefd4520d3968d26b824581"},
    {file = "cython-3.2.4-cp39-abi3-manylinux2014_armv7l.manylinux_2_17_armv7l.manylinux_2_31_armv7l.whl", hash = "sha256:3b6e58f73a69230218d5381817850ce6d0da5bb7e87eb7d528c7027cbba40b06"},
    {file = "cython-3.2.4-cp39-abi3-musllinux_1_2_aarch64.whl", hash = "sha256:e71efb20048358a6b8ec604a0532961c50c067b5e63e345e2e359fff72feaee8"},
    {file = "cython-3.2.4-cp39-abi3-musllinux_1_2_armv7l.whl", hash = "sha256:28b1e363b024c4b8dcf52ff68125e635cb9cb4b0ba997d628f25e32543a71103"},
    {file = "cython-3.2.4-cp39-abi3-musllinux_1_2_i686.whl", hash = "sha256:31a90b4a2c47bb6d56baeb926948348ec968e932c1ae2c53239164e3e8880ccf"},
    {file = "cython-3.2.4-cp39-abi3-musllinux_1_2_x86_64.whl", hash = "sha256:e65e4773021f8dc8532010b4fbebe782c77f9a0817e93886e518c93bd6a44e9d"},
    {file = "cython-3.2.4-cp39-abi3-win32.whl", hash = "sha256:2b1f12c0e4798293d2754e73cd6f35fa5bbdf072bdc14bc6fc442c059ef2d290"},
    {file = "cython-3.2.4-cp39-abi3-win_arm64.whl", hash = "sha256:3b8e62049afef9da931d55de82d8f46c9a147313b69d5ff6af6e9121d545ce7a"},
    {file = "cython-3.2.4-cp39-cp39-macosx_11_0_arm64.whl", hash = "sha256:f8d685a70bce39acc1d62ec3916d9b724b5ef665b0ce25ae55e1c85ee09747fc"},
    {file = "cython-3.2.4-cp39-cp39-manylinux2014_aarch64.manylinux_2_17_aarch64.manylinux_2_28_aarch64.whl", hash = "sha256:ca578c9cb872c7ecffbe14815dc4590a003bc13339e90b2633540c7e1a252839"},
    {file = "cython-3.2.4-cp39-cp39-manylinux2014_x86_64.manylinux_2_17_x86_64.manylinux_2_28_x86_64.whl", hash = "sha256:b84d4e3c875915545f77c88dba65ad3741afd2431e5cdee6c9a20cefe6905647"},
    {file = "cython-3.2.4-cp39-cp39-win_amd64.whl", hash = "sha256:fdfdd753ad7e18e5092b413e9f542e8d28b8a08203126090e1c15f7783b7fe57"},
    {file = "cython-3.2.4-py3-none-any.whl", hash = "sha256:732fc93bc33ae4b14f6afaca663b916c2fdd5dcbfad7114e17fb2434eeaea45c"},
    {file = "cython-3.2.4.tar.gz", hash = "sha256:84226ecd313b233da27dc2eb3601b4f222b8209c3a7216d8733b031da1dc64e6"},
]

[[package]]
name = "django"
version = "4.2.28"
description = "A high-level Python web framework that encourages rapid development and clean, pragmatic design."
optional = false
python-versions = ">=3.8"
groups = ["main"]
files = [
    {file = "django-4.2.28-py3-none-any.whl", hash = "sha256:49a23c1b83ef31525f8d71a57b040f91d34660edb3f086280a8519855655ed3c"},
    {file = "django-4.2.28.tar.gz", hash = "sha256:a4b9cd881991add394cafa8bb3b11ad1742d1e1470ba99c3ef53dc540316ccfe"},
]

[package.dependencies]
asgiref = ">=3.6.0,<4"
sqlparse = ">=0.3.1"
tzdata = {version = "*", markers = "sys_platform == \"win32\""}

[package.extras]
argon2 = ["argon2-cffi (>=19.1.0)"]
bcrypt = ["bcrypt"]

[[package]]
name = "django-colorful"
version = "1.4.0"
description = "An extension to the Django web framework that provides database and form color fields"
optional = false
python-versions = ">=3.10"
groups = ["main"]
files = [
    {file = "django_colorful-1.4.0-py3-none-any.whl", hash = "sha256:1e9f5371cd62ae0e06ae2e0a12ac87dbd2d8bddf84c6cc325423bb3f71662a6d"},
    {file = "django_colorful-1.4.0.tar.gz", hash = "sha256:f668374b20f6d8135a2de4534ca0d6d8bdb3d46235db8664a8d8532e5af0f66e"},
]

[[package]]
name = "django-mathfilters"
version = "1.0.0"
description = "A set of simple math filters for Django"
optional = false
python-versions = "*"
groups = ["main"]
files = [
    {file = "django-mathfilters-1.0.0.tar.gz", hash = "sha256:c9b892ef6dfc893683e75cfd0279c187a601ca68f4684c38f9da44657fb64b07"},
    {file = "django_mathfilters-1.0.0-py3-none-any.whl", hash = "sha256:64200a21bb249fbf27be601d4bbb788779e09c6e063170c097cd82c4d18ebb83"},
]

[[package]]
name = "django-tinymce"
version = "4.1.0"
description = "A Django application that contains a widget to render a"
optional = false
python-versions = ">=3.8"
groups = ["main"]
files = [
    {file = "django_tinymce-4.1.0-py3-none-any.whl", hash = "sha256:9804836e6d2b08de3b03a27c100f8c2e9633549913eff8b323678a10cd48b94e"},
    {file = "django_tinymce-4.1.0.tar.gz", hash = "sha256:02e3b70e940fd299f0fbef4315aee5c185664e1eb8cd396b176963954e4357c9"},
]

[package.dependencies]
django = ">=3.2"

[[package]]
name = "idna"
version = "3.11"
description = "Internationalized Domain Names in Applications (IDNA)"
optional = false
python-versions = ">=3.8"
groups = ["main"]
files = [
    {file = "idna-3.11-py3-none-any.whl", hash = "sha256:771a87f49d9defaf64091e6e6fe9c18d4833f140bd19464795bc32d966ca37ea"},
    {file = "idna-3.11.tar.gz", hash = "sha256:795dafcc9c04ed0c1fb032c2aa73654d8e8c5023a7df64a53f39190ada629902"},
]

[package.extras]
all = ["flake8 (>=7.1.1)", "mypy (>=1.11.2)", "pytest (>=8.3.2)", "ruff (>=0.6.2)"]

[[package]]
name = "numpy"
version = "1.26.4"
description = "Fundamental package for array computing in Python"
optional = false
python-versions = ">=3.9"
groups = ["main"]
files = [
    {file = "numpy-1.26.4-cp310-cp310-macosx_10_9_x86_64.whl", hash = "sha256:9ff0f4f29c51e2803569d7a51c2304de5554655a60c5d776e35b4a41413830d0"},
    {file = "numpy-1.26.4-cp310-cp310-macosx_11_0_arm64.whl", hash = "sha256:2e4ee3380d6de9c9ec04745830fd9e2eccb3e6cf790d39d7b98ffd19b0dd754a"},
    {file = "numpy-1.26.4-cp310-cp310-manylinux_2_17_aarch64.manylinux2014_aarch64.whl", hash = "sha256:d209d8969599b27ad20994c8e41936ee0964e6da07478d6c35016bc386b66ad4"},
    {file = "numpy-1.26.4-cp310-cp310-manylinux_2_17_x86_64.manylinux2014_x86_64.whl", hash = "sha256:ffa75af20b44f8dba823498024771d5ac50620e6915abac414251bd971b4529f"},
    {file = "numpy-1.26.4-cp310-cp310-musllinux_1_1_aarch64.whl", hash = "sha256:62b8e4b1e28009ef2846b4c7852046736bab361f7aeadeb6a5b89ebec3c7055a"},
    {file = "numpy-1.26.4-cp310-cp310-musllinux_1_1_x86_64.whl", hash = "sha256:a4abb4f9001ad2858e7ac189089c42178fcce737e4169dc61321660f1a96c7d2"},
    {file = "numpy-1.26.4-cp310-cp310-win32.whl", hash = "sha256:bfe25acf8b437eb2a8b2d49d443800a5f18508cd811fea3181723922a8a82b07"},
    {file = "numpy-1.26.4-cp310-cp310-win_amd64.whl", hash = "sha256:b97fe8060236edf3662adfc2c633f56a08ae30560c56310562cb4f95500022d5"},
    {file = "numpy-1.26.4-cp311-cp311-macosx_10_9_x86_64.whl", hash = "sha256:4c66707fabe114439db9068ee468c26bbdf909cac0fb58686a42a24de1760c71"},
    {file = "numpy-1.26.4-cp311-cp311-macosx_11_0_arm64.whl", hash = "sha256:edd8b5fe47dab091176d21bb6de568acdd906d1887a4584a15a9a96a1dca06ef"},
    {file = "numpy-1.26.4-cp311-cp311-manylinux_2_17_aarch64.manylinux2014_aarch64.whl", hash = "sha256:7ab55401287bfec946ced39700c053796e7cc0e3acbef09993a9ad2adba6ca6e"},
    {file = "numpy-1.26.4-cp311-cp311-manylinux_2_17_x86_64.manylinux2014_x86_64.whl", hash = "sha256:666dbfb6ec68962c033a450943ded891bed2d54e6755e35e5835d63f4f6931d5"},
    {file = "numpy-1.26.4-cp311-cp311-musllinux_1_1_aarch64.whl", hash = "sha256:96ff0b2ad353d8f990b63294c8986f1ec3cb19d749234014f4e7eb0112ceba5a"},
    {file = "numpy-1.26.4-cp311-cp311-musllinux_1_1_x86_64.whl", hash = "sha256:60dedbb91afcbfdc9bc0b1f3f402804070deed7392c23eb7a7f07fa857868e8a"},
    {file = "numpy-1.26.4-cp311-cp311-win32.whl", hash = "sha256:1af303d6b2210eb850fcf03064d364652b7120803a0b872f5211f5234b399f20"},
    {file = "numpy-1.26.4-cp311-cp311-win_amd64.whl", hash = "sha256:cd25bcecc4974d09257ffcd1f098ee778f7834c3ad767fe5db785be9a4aa9cb2"},
    {file = "numpy-1.26.4-cp312-cp312-macosx_10_9_x86_64.whl", hash = "sha256:b3ce300f3644fb06443ee2222c2201dd3a89ea6040541412b8fa189341847218"},
    {file = "numpy-1.26.4-cp312-cp312-macosx_11_0_arm64.whl", hash = "sha256:03a8c78d01d9781b28a6989f6fa1bb2c4f2d51201cf99d3dd875df6fbd96b23b"},
    {file = "numpy-1.26.4-cp312-cp312-manylinux_2_17_aarch64.manylinux2014_aarch64.whl", hash = "sha256:9fad7dcb1aac3c7f0584a5a8133e3a43eeb2fe127f47e3632d43d677c66c102b"},
    {file = "numpy-1.26.4-cp312-cp312-manylinux_2_17_x86_64.manylinux2014_x86_64.whl", hash = "sha256:675d61ffbfa78604709862923189bad94014bef562cc35cf61d3a07bba02a7ed"},
    {file = "numpy-1.26.4-cp312-cp312-musllinux_1_1_aarch64.whl", hash = "sha256:ab47dbe5cc8210f55aa58e4805fe224dac469cde56b9f731a4c098b91917159a"},
    {file = "numpy-1.26.4-cp312-cp312-musllinux_1_1_x86_64.whl", hash = "sha256:1dda2e7b4ec9dd512f84935c5f126c8bd8b9f2fc001e9f54af255e8c5f16b0e0"},
    {file = "numpy-1.26.4-cp312-cp312-win32.whl", hash = "sha256:50193e430acfc1346175fcbdaa28ffec49947a06918b7b92130744e81e640110"},
    {file = "numpy-1.26.4-cp312-cp312-win_amd64.whl", hash = "sha256:08beddf13648eb95f8d867350f6a018a4be2e5ad54c8d8caed89ebca558b2818"},
    {file = "numpy-1.26.4-cp39-cp39-macosx_10_9_x86_64.whl", hash = "sha256:7349ab0fa0c429c82442a27a9673fc802ffdb7c7775fad780226cb234965e53c"},
    {file = "numpy-1.26.4-cp39-cp39-macosx_11_0_arm64.whl", hash = "sha256:52b8b60467cd7dd1e9ed082188b4e6bb35aa5cdd01777621a1658910745b90be"},
    {file = "numpy-1.26.4-cp39-cp39-manylinux_2_17_aarch64.manylinux2014_aarch64.whl", hash = "sha256:d5241e0a80d808d70546c697135da2c613f30e28251ff8307eb72ba696945764"},
    {file = "numpy-1.26.4-cp39-cp39-manylinux_2_17_x86_64.manylinux2014_x86_64.whl", hash = "sha256:f870204a840a60da0b12273ef34f7051e98c3b5961b61b0c2c1be6dfd64fbcd3"},
    {file = "numpy-1.26.4-cp39-cp39-musllinux_1_1_aarch64.whl", hash = "sha256:679b0076f67ecc0138fd2ede3a8fd196dddc2ad3254069bcb9faf9a79b1cebcd"},
    {file = "numpy-1.26.4-cp39-cp39-musllinux_1_1_x86_64.whl", hash = "sha256:47711010ad8555514b434df65f7d7b076bb8261df1ca9bb78f53d3b2db02e95c"},
    {file = "numpy-1.26.4-cp39-cp39-win32.whl", hash = "sha256:a354325ee03388678242a4d7ebcd08b5c727033fcff3b2f536aea978e15ee9e6"},
    {file = "numpy-1.26.4-cp39-cp39-win_amd64.whl", hash = "sha256:3373d5d70a5fe74a2c1bb6d2cfd9609ecf686d47a2d7b1d37a8f3b6bf6003aea"},
    {file = "numpy-1.26.4-pp39-pypy39_pp73-macosx_10_9_x86_64.whl", hash = "sha256:afedb719a9dcfc7eaf2287b839d8198e06dcd4cb5d276a3df279231138e83d30"},
    {file = "numpy-1.26.4-pp39-pypy39_pp73-manylinux_2_17_x86_64.manylinux2014_x86_64.whl", hash = "sha256:95a7476c59002f2f6c590b9b7b998306fba6a5aa646b1e22ddfeaf8f78c3a29c"},
    {file = "numpy-1.26.4-pp39-pypy39_pp73-win_amd64.whl", hash = "sha256:7e50d0a0cc3189f9cb0aeb3a6a6af18c16f59f004b866cd2be1c14b36134a4a0"},
    {file = "numpy-1.26.4.tar.gz", hash = "sha256:2a02aba9ed12e4ac4eb3ea9421c420301a0c6460d9830d74a9df87efa4912010"},
]

[[package]]
name = "requests"
version = "2.32.5"
description = "Python HTTP for Humans."
optional = false
python-versions = ">=3.9"
groups = ["main"]
files = [
    {file = "requests-2.32.5-py3-none-any.whl", hash = "sha256:2462f94637a34fd532264295e186976db0f5d453d1cdd31473c85a6a161affb6"},
    {file = "requests-2.32.5.tar.gz", hash = "sha256:dbba0bac56e100853db0ea71b82b4dfd5fe2bf6d3754a8893c3af500cec7d7cf"},
]

[package.dependencies]
certifi = ">=2017.4.17"
charset_normalizer = ">=2,<4"
idna = ">=2.5,<4"
urllib3 = ">=1.21.1,<3"

[package.extras]
socks = ["PySocks (>=1.5.6,!=1.5.7)"]
use-chardet-on-py3 = ["chardet (>=3.0.2,<6)"]

[[package]]
name = "sqlparse"
version = "0.5.5"
description = "A non-validating SQL parser."
optional = false
python-versions = ">=3.8"
groups = ["main"]
files = [
    {file = "sqlparse-0.5.5-py3-none-any.whl", hash = "sha256:12a08b3bf3eec877c519589833aed092e2444e68240a3577e8e26148acc7b1ba"},
    {file = "sqlparse-0.5.5.tar.gz", hash = "sha256:e20d4a9b0b8585fdf63b10d30066c7c94c5d7a7ec47c889a2d83a3caa93ff28e"},
]

[package.extras]
dev = ["build"]
doc = ["sphinx"]

[[package]]
name = "typing-extensions"
version = "4.15.0"
description = "Backported and Experimental Type Hints for Python 3.9+"
optional = false
python-versions = ">=3.9"
groups = ["main"]
markers = "python_version == \"3.10\""
files = [
    {file = "typing_extensions-4.15.0-py3-none-any.whl", hash = "sha256:f0fa19c6845758ab08074a0cfa8b7aecb71c999ca73d62883bc25cc018c4e548"},
    {file = "typing_extensions-4.15.0.tar.gz", hash = "sha256:0cea48d173cc12fa28ecabc3b837ea3cf6f38c6d1136f85cbaaf598984861466"},
]

[[package]]
name = "tzdata"
version = "2025.3"
description = "Provider of IANA time zone data"
optional = false
python-versions = ">=2"
groups = ["main"]
markers = "sys_platform == \"win32\""
files = [
    {file = "tzdata-2025.3-py2.py3-none-any.whl", hash = "sha256:06a47e5700f3081aab02b2e513160914ff0694bce9947d6b76ebd6bf57cfc5d1"},
    {file = "tzdata-2025.3.tar.gz", hash = "sha256:de39c2ca5dc7b0344f2eba86f49d614019d29f060fc4ebc8a417896a620b56a7"},
]

[[package]]
name = "urllib3"
version = "2.6.3"
description = "HTTP library with thread-safe connection pooling, file post, and more."
optional = false
python-versions = ">=3.9"
groups = ["main"]
files = [
    {file = "urllib3-2.6.3-py3-none-any.whl", hash = "sha256:bf272323e553dfb2e87d9bfd225ca7b0f467b919d7bbd355436d3fd37cb0acd4"},
    {file = "urllib3-2.6.3.tar.gz", hash = "sha256:1b62b6884944a57dbe321509ab94fd4d3b307075e0c2eae991ac71ee15ad38ed"},
]

[package.extras]
brotli = ["brotli (>=1.2.0) ; platform_python_implementation == \"CPython\"", "brotlicffi (>=1.2.0.0) ; platform_python_implementation != \"CPython\""]
h2 = ["h2 (>=4,<5)"]
socks = ["pysocks (>=1.5.6,!=1.5.7,<2.0)"]
zstd = ["backports-zstd (>=1.0.0) ; python_version < \"3.14\""]

[metadata]
lock-version = "2.1"
python-versions = "^3.10"
content-hash = "d20eb5ac763e11b3e7e1124d01dfb60e4f4960ec11d4f9f5ceb266c202220680"
